// !$*UTF8*$!
{
	archiveVersion = 1;
	classes = {
	};
	objectVersion = 46;
	objects = {

/* Begin PBXBuildFile section */
		1F0C71D71555330B00AC46D9 /* libMBProgressHUD.a in Frameworks */ = {isa = PBXBuildFile; fileRef = 1F0C71D4155532E100AC46D9 /* libMBProgressHUD.a */; };
		1F0C723D1555335000AC46D9 /* ASIAuthenticationDialog.h in Headers */ = {isa = PBXBuildFile; fileRef = 1F0C71EB1555335000AC46D9 /* ASIAuthenticationDialog.h */; };
		1F0C723E1555335000AC46D9 /* ASIAuthenticationDialog.m in Sources */ = {isa = PBXBuildFile; fileRef = 1F0C71EC1555335000AC46D9 /* ASIAuthenticationDialog.m */; };
		1F0C723F1555335000AC46D9 /* ASICacheDelegate.h in Headers */ = {isa = PBXBuildFile; fileRef = 1F0C71ED1555335000AC46D9 /* ASICacheDelegate.h */; };
		1F0C72401555335000AC46D9 /* ASIDataCompressor.h in Headers */ = {isa = PBXBuildFile; fileRef = 1F0C71EE1555335000AC46D9 /* ASIDataCompressor.h */; };
		1F0C72411555335000AC46D9 /* ASIDataCompressor.m in Sources */ = {isa = PBXBuildFile; fileRef = 1F0C71EF1555335000AC46D9 /* ASIDataCompressor.m */; };
		1F0C72421555335000AC46D9 /* ASIDataDecompressor.h in Headers */ = {isa = PBXBuildFile; fileRef = 1F0C71F01555335000AC46D9 /* ASIDataDecompressor.h */; };
		1F0C72431555335000AC46D9 /* ASIDataDecompressor.m in Sources */ = {isa = PBXBuildFile; fileRef = 1F0C71F11555335000AC46D9 /* ASIDataDecompressor.m */; };
		1F0C72441555335000AC46D9 /* ASIDownloadCache.h in Headers */ = {isa = PBXBuildFile; fileRef = 1F0C71F21555335000AC46D9 /* ASIDownloadCache.h */; };
		1F0C72451555335000AC46D9 /* ASIDownloadCache.m in Sources */ = {isa = PBXBuildFile; fileRef = 1F0C71F31555335000AC46D9 /* ASIDownloadCache.m */; };
		1F0C72461555335000AC46D9 /* ASIFormDataRequest.h in Headers */ = {isa = PBXBuildFile; fileRef = 1F0C71F41555335000AC46D9 /* ASIFormDataRequest.h */; };
		1F0C72471555335000AC46D9 /* ASIFormDataRequest.m in Sources */ = {isa = PBXBuildFile; fileRef = 1F0C71F51555335000AC46D9 /* ASIFormDataRequest.m */; };
		1F0C72481555335000AC46D9 /* ASIHTTPRequest.h in Headers */ = {isa = PBXBuildFile; fileRef = 1F0C71F61555335000AC46D9 /* ASIHTTPRequest.h */; };
		1F0C72491555335000AC46D9 /* ASIHTTPRequest.m in Sources */ = {isa = PBXBuildFile; fileRef = 1F0C71F71555335000AC46D9 /* ASIHTTPRequest.m */; };
		1F0C724A1555335000AC46D9 /* ASIHTTPRequestConfig.h in Headers */ = {isa = PBXBuildFile; fileRef = 1F0C71F81555335000AC46D9 /* ASIHTTPRequestConfig.h */; };
		1F0C724B1555335000AC46D9 /* ASIHTTPRequestDelegate.h in Headers */ = {isa = PBXBuildFile; fileRef = 1F0C71F91555335000AC46D9 /* ASIHTTPRequestDelegate.h */; };
		1F0C724C1555335000AC46D9 /* ASIInputStream.h in Headers */ = {isa = PBXBuildFile; fileRef = 1F0C71FA1555335000AC46D9 /* ASIInputStream.h */; };
		1F0C724D1555335000AC46D9 /* ASIInputStream.m in Sources */ = {isa = PBXBuildFile; fileRef = 1F0C71FB1555335000AC46D9 /* ASIInputStream.m */; };
		1F0C724E1555335000AC46D9 /* ASINetworkQueue.h in Headers */ = {isa = PBXBuildFile; fileRef = 1F0C71FC1555335000AC46D9 /* ASINetworkQueue.h */; };
		1F0C724F1555335000AC46D9 /* ASINetworkQueue.m in Sources */ = {isa = PBXBuildFile; fileRef = 1F0C71FD1555335000AC46D9 /* ASINetworkQueue.m */; };
		1F0C72501555335000AC46D9 /* ASIProgressDelegate.h in Headers */ = {isa = PBXBuildFile; fileRef = 1F0C71FE1555335000AC46D9 /* ASIProgressDelegate.h */; };
		1F0C72511555335000AC46D9 /* ASIWebPageRequest.h in Headers */ = {isa = PBXBuildFile; fileRef = 1F0C72001555335000AC46D9 /* ASIWebPageRequest.h */; };
		1F0C72521555335000AC46D9 /* ASIWebPageRequest.m in Sources */ = {isa = PBXBuildFile; fileRef = 1F0C72011555335000AC46D9 /* ASIWebPageRequest.m */; };
		1F0C72531555335000AC46D9 /* ASICloudFilesCDNRequest.h in Headers */ = {isa = PBXBuildFile; fileRef = 1F0C72031555335000AC46D9 /* ASICloudFilesCDNRequest.h */; };
		1F0C72541555335000AC46D9 /* ASICloudFilesCDNRequest.m in Sources */ = {isa = PBXBuildFile; fileRef = 1F0C72041555335000AC46D9 /* ASICloudFilesCDNRequest.m */; };
		1F0C72551555335000AC46D9 /* ASICloudFilesContainer.h in Headers */ = {isa = PBXBuildFile; fileRef = 1F0C72051555335000AC46D9 /* ASICloudFilesContainer.h */; };
		1F0C72561555335000AC46D9 /* ASICloudFilesContainer.m in Sources */ = {isa = PBXBuildFile; fileRef = 1F0C72061555335000AC46D9 /* ASICloudFilesContainer.m */; };
		1F0C72571555335000AC46D9 /* ASICloudFilesContainerRequest.h in Headers */ = {isa = PBXBuildFile; fileRef = 1F0C72071555335000AC46D9 /* ASICloudFilesContainerRequest.h */; };
		1F0C72581555335000AC46D9 /* ASICloudFilesContainerRequest.m in Sources */ = {isa = PBXBuildFile; fileRef = 1F0C72081555335000AC46D9 /* ASICloudFilesContainerRequest.m */; };
		1F0C72591555335000AC46D9 /* ASICloudFilesContainerXMLParserDelegate.h in Headers */ = {isa = PBXBuildFile; fileRef = 1F0C72091555335000AC46D9 /* ASICloudFilesContainerXMLParserDelegate.h */; };
		1F0C725A1555335000AC46D9 /* ASICloudFilesContainerXMLParserDelegate.m in Sources */ = {isa = PBXBuildFile; fileRef = 1F0C720A1555335000AC46D9 /* ASICloudFilesContainerXMLParserDelegate.m */; };
		1F0C725B1555335000AC46D9 /* ASICloudFilesObject.h in Headers */ = {isa = PBXBuildFile; fileRef = 1F0C720B1555335000AC46D9 /* ASICloudFilesObject.h */; };
		1F0C725C1555335000AC46D9 /* ASICloudFilesObject.m in Sources */ = {isa = PBXBuildFile; fileRef = 1F0C720C1555335000AC46D9 /* ASICloudFilesObject.m */; };
		1F0C725D1555335000AC46D9 /* ASICloudFilesObjectRequest.h in Headers */ = {isa = PBXBuildFile; fileRef = 1F0C720D1555335000AC46D9 /* ASICloudFilesObjectRequest.h */; };
		1F0C725E1555335000AC46D9 /* ASICloudFilesObjectRequest.m in Sources */ = {isa = PBXBuildFile; fileRef = 1F0C720E1555335000AC46D9 /* ASICloudFilesObjectRequest.m */; };
		1F0C725F1555335000AC46D9 /* ASICloudFilesRequest.h in Headers */ = {isa = PBXBuildFile; fileRef = 1F0C720F1555335000AC46D9 /* ASICloudFilesRequest.h */; };
		1F0C72601555335000AC46D9 /* ASICloudFilesRequest.m in Sources */ = {isa = PBXBuildFile; fileRef = 1F0C72101555335000AC46D9 /* ASICloudFilesRequest.m */; };
		1F0C72611555335000AC46D9 /* ASINSXMLParserCompat.h in Headers */ = {isa = PBXBuildFile; fileRef = 1F0C72121555335000AC46D9 /* ASINSXMLParserCompat.h */; };
		1F0C72621555335000AC46D9 /* ASIS3Bucket.h in Headers */ = {isa = PBXBuildFile; fileRef = 1F0C72131555335000AC46D9 /* ASIS3Bucket.h */; };
		1F0C72631555335000AC46D9 /* ASIS3Bucket.m in Sources */ = {isa = PBXBuildFile; fileRef = 1F0C72141555335000AC46D9 /* ASIS3Bucket.m */; };
		1F0C72641555335000AC46D9 /* ASIS3BucketObject.h in Headers */ = {isa = PBXBuildFile; fileRef = 1F0C72151555335000AC46D9 /* ASIS3BucketObject.h */; };
		1F0C72651555335000AC46D9 /* ASIS3BucketObject.m in Sources */ = {isa = PBXBuildFile; fileRef = 1F0C72161555335000AC46D9 /* ASIS3BucketObject.m */; };
		1F0C72661555335000AC46D9 /* ASIS3BucketRequest.h in Headers */ = {isa = PBXBuildFile; fileRef = 1F0C72171555335000AC46D9 /* ASIS3BucketRequest.h */; };
		1F0C72671555335000AC46D9 /* ASIS3BucketRequest.m in Sources */ = {isa = PBXBuildFile; fileRef = 1F0C72181555335000AC46D9 /* ASIS3BucketRequest.m */; };
		1F0C72681555335000AC46D9 /* ASIS3ObjectRequest.h in Headers */ = {isa = PBXBuildFile; fileRef = 1F0C72191555335000AC46D9 /* ASIS3ObjectRequest.h */; };
		1F0C72691555335000AC46D9 /* ASIS3ObjectRequest.m in Sources */ = {isa = PBXBuildFile; fileRef = 1F0C721A1555335000AC46D9 /* ASIS3ObjectRequest.m */; };
		1F0C726A1555335000AC46D9 /* ASIS3Request.h in Headers */ = {isa = PBXBuildFile; fileRef = 1F0C721B1555335000AC46D9 /* ASIS3Request.h */; };
		1F0C726B1555335000AC46D9 /* ASIS3Request.m in Sources */ = {isa = PBXBuildFile; fileRef = 1F0C721C1555335000AC46D9 /* ASIS3Request.m */; };
		1F0C726C1555335000AC46D9 /* ASIS3ServiceRequest.h in Headers */ = {isa = PBXBuildFile; fileRef = 1F0C721D1555335000AC46D9 /* ASIS3ServiceRequest.h */; };
		1F0C726D1555335000AC46D9 /* ASIS3ServiceRequest.m in Sources */ = {isa = PBXBuildFile; fileRef = 1F0C721E1555335000AC46D9 /* ASIS3ServiceRequest.m */; };
		1F3C294813D825D80060F5F6 /* Foundation.framework in Frameworks */ = {isa = PBXBuildFile; fileRef = 1F3C294713D825D80060F5F6 /* Foundation.framework */; };
		1F3C29D513D949CD0060F5F6 /* CFNetwork.framework in Frameworks */ = {isa = PBXBuildFile; fileRef = 1F3C29D113D949CD0060F5F6 /* CFNetwork.framework */; };
		1F3C29D613D949CD0060F5F6 /* CoreGraphics.framework in Frameworks */ = {isa = PBXBuildFile; fileRef = 1F3C29D213D949CD0060F5F6 /* CoreGraphics.framework */; };
		1F3C29D713D949CD0060F5F6 /* MobileCoreServices.framework in Frameworks */ = {isa = PBXBuildFile; fileRef = 1F3C29D313D949CD0060F5F6 /* MobileCoreServices.framework */; };
		1F3C29D813D949CD0060F5F6 /* SystemConfiguration.framework in Frameworks */ = {isa = PBXBuildFile; fileRef = 1F3C29D413D949CD0060F5F6 /* SystemConfiguration.framework */; };
		1F3C29DB13D949E00060F5F6 /* libxml2.dylib in Frameworks */ = {isa = PBXBuildFile; fileRef = 1F3C29D913D949E00060F5F6 /* libxml2.dylib */; };
		1FA5947D13D953B400B05217 /* BZWebServices.h in Headers */ = {isa = PBXBuildFile; fileRef = 1FA5947B13D953B400B05217 /* BZWebServices.h */; };
		1FA5947E13D953B400B05217 /* BZWebServices.m in Sources */ = {isa = PBXBuildFile; fileRef = 1FA5947C13D953B400B05217 /* BZWebServices.m */; };
		1FAEBF1113E6E33000D3CE77 /* libz.dylib in Frameworks */ = {isa = PBXBuildFile; fileRef = 1FAEBF1013E6E33000D3CE77 /* libz.dylib */; };
		A8AD86FE1447412B00AAA00B /* Reachability.h in Headers */ = {isa = PBXBuildFile; fileRef = A8AD86FC1447412B00AAA00B /* Reachability.h */; };
		A8AD86FF1447412B00AAA00B /* Reachability.m in Sources */ = {isa = PBXBuildFile; fileRef = A8AD86FD1447412B00AAA00B /* Reachability.m */; };
/* End PBXBuildFile section */

/* Begin PBXContainerItemProxy section */
		1F0C71D3155532E100AC46D9 /* PBXContainerItemProxy */ = {
			isa = PBXContainerItemProxy;
			containerPortal = 1F0C71CC155532E100AC46D9 /* MBProgressHUD.xcodeproj */;
			proxyType = 2;
			remoteGlobalIDString = D286A7491518C70F00E13FB8;
			remoteInfo = MBProgressHUD;
		};
		1F0C71D5155532E800AC46D9 /* PBXContainerItemProxy */ = {
			isa = PBXContainerItemProxy;
			containerPortal = 1F0C71CC155532E100AC46D9 /* MBProgressHUD.xcodeproj */;
			proxyType = 1;
			remoteGlobalIDString = D286A7481518C70F00E13FB8;
			remoteInfo = MBProgressHUD;
		};
/* End PBXContainerItemProxy section */

/* Begin PBXFileReference section */
		1F0C71CC155532E100AC46D9 /* MBProgressHUD.xcodeproj */ = {isa = PBXFileReference; lastKnownFileType = "wrapper.pb-project"; name = MBProgressHUD.xcodeproj; path = MBProgressHUD/MBProgressHUD.xcodeproj; sourceTree = "<group>"; };
		1F0C71EB1555335000AC46D9 /* ASIAuthenticationDialog.h */ = {isa = PBXFileReference; fileEncoding = 4; lastKnownFileType = sourcecode.c.h; path = ASIAuthenticationDialog.h; sourceTree = "<group>"; };
		1F0C71EC1555335000AC46D9 /* ASIAuthenticationDialog.m */ = {isa = PBXFileReference; fileEncoding = 4; lastKnownFileType = sourcecode.c.objc; path = ASIAuthenticationDialog.m; sourceTree = "<group>"; };
		1F0C71ED1555335000AC46D9 /* ASICacheDelegate.h */ = {isa = PBXFileReference; fileEncoding = 4; lastKnownFileType = sourcecode.c.h; path = ASICacheDelegate.h; sourceTree = "<group>"; };
		1F0C71EE1555335000AC46D9 /* ASIDataCompressor.h */ = {isa = PBXFileReference; fileEncoding = 4; lastKnownFileType = sourcecode.c.h; path = ASIDataCompressor.h; sourceTree = "<group>"; };
		1F0C71EF1555335000AC46D9 /* ASIDataCompressor.m */ = {isa = PBXFileReference; fileEncoding = 4; lastKnownFileType = sourcecode.c.objc; path = ASIDataCompressor.m; sourceTree = "<group>"; };
		1F0C71F01555335000AC46D9 /* ASIDataDecompressor.h */ = {isa = PBXFileReference; fileEncoding = 4; lastKnownFileType = sourcecode.c.h; path = ASIDataDecompressor.h; sourceTree = "<group>"; };
		1F0C71F11555335000AC46D9 /* ASIDataDecompressor.m */ = {isa = PBXFileReference; fileEncoding = 4; lastKnownFileType = sourcecode.c.objc; path = ASIDataDecompressor.m; sourceTree = "<group>"; };
		1F0C71F21555335000AC46D9 /* ASIDownloadCache.h */ = {isa = PBXFileReference; fileEncoding = 4; lastKnownFileType = sourcecode.c.h; path = ASIDownloadCache.h; sourceTree = "<group>"; };
		1F0C71F31555335000AC46D9 /* ASIDownloadCache.m */ = {isa = PBXFileReference; fileEncoding = 4; lastKnownFileType = sourcecode.c.objc; path = ASIDownloadCache.m; sourceTree = "<group>"; };
		1F0C71F41555335000AC46D9 /* ASIFormDataRequest.h */ = {isa = PBXFileReference; fileEncoding = 4; lastKnownFileType = sourcecode.c.h; path = ASIFormDataRequest.h; sourceTree = "<group>"; };
		1F0C71F51555335000AC46D9 /* ASIFormDataRequest.m */ = {isa = PBXFileReference; fileEncoding = 4; lastKnownFileType = sourcecode.c.objc; path = ASIFormDataRequest.m; sourceTree = "<group>"; };
		1F0C71F61555335000AC46D9 /* ASIHTTPRequest.h */ = {isa = PBXFileReference; fileEncoding = 4; lastKnownFileType = sourcecode.c.h; path = ASIHTTPRequest.h; sourceTree = "<group>"; };
		1F0C71F71555335000AC46D9 /* ASIHTTPRequest.m */ = {isa = PBXFileReference; fileEncoding = 4; lastKnownFileType = sourcecode.c.objc; path = ASIHTTPRequest.m; sourceTree = "<group>"; };
		1F0C71F81555335000AC46D9 /* ASIHTTPRequestConfig.h */ = {isa = PBXFileReference; fileEncoding = 4; lastKnownFileType = sourcecode.c.h; path = ASIHTTPRequestConfig.h; sourceTree = "<group>"; };
		1F0C71F91555335000AC46D9 /* ASIHTTPRequestDelegate.h */ = {isa = PBXFileReference; fileEncoding = 4; lastKnownFileType = sourcecode.c.h; path = ASIHTTPRequestDelegate.h; sourceTree = "<group>"; };
		1F0C71FA1555335000AC46D9 /* ASIInputStream.h */ = {isa = PBXFileReference; fileEncoding = 4; lastKnownFileType = sourcecode.c.h; path = ASIInputStream.h; sourceTree = "<group>"; };
		1F0C71FB1555335000AC46D9 /* ASIInputStream.m */ = {isa = PBXFileReference; fileEncoding = 4; lastKnownFileType = sourcecode.c.objc; path = ASIInputStream.m; sourceTree = "<group>"; };
		1F0C71FC1555335000AC46D9 /* ASINetworkQueue.h */ = {isa = PBXFileReference; fileEncoding = 4; lastKnownFileType = sourcecode.c.h; path = ASINetworkQueue.h; sourceTree = "<group>"; };
		1F0C71FD1555335000AC46D9 /* ASINetworkQueue.m */ = {isa = PBXFileReference; fileEncoding = 4; lastKnownFileType = sourcecode.c.objc; path = ASINetworkQueue.m; sourceTree = "<group>"; };
		1F0C71FE1555335000AC46D9 /* ASIProgressDelegate.h */ = {isa = PBXFileReference; fileEncoding = 4; lastKnownFileType = sourcecode.c.h; path = ASIProgressDelegate.h; sourceTree = "<group>"; };
		1F0C72001555335000AC46D9 /* ASIWebPageRequest.h */ = {isa = PBXFileReference; fileEncoding = 4; lastKnownFileType = sourcecode.c.h; path = ASIWebPageRequest.h; sourceTree = "<group>"; };
		1F0C72011555335000AC46D9 /* ASIWebPageRequest.m */ = {isa = PBXFileReference; fileEncoding = 4; lastKnownFileType = sourcecode.c.objc; path = ASIWebPageRequest.m; sourceTree = "<group>"; };
		1F0C72031555335000AC46D9 /* ASICloudFilesCDNRequest.h */ = {isa = PBXFileReference; fileEncoding = 4; lastKnownFileType = sourcecode.c.h; path = ASICloudFilesCDNRequest.h; sourceTree = "<group>"; };
		1F0C72041555335000AC46D9 /* ASICloudFilesCDNRequest.m */ = {isa = PBXFileReference; fileEncoding = 4; lastKnownFileType = sourcecode.c.objc; path = ASICloudFilesCDNRequest.m; sourceTree = "<group>"; };
		1F0C72051555335000AC46D9 /* ASICloudFilesContainer.h */ = {isa = PBXFileReference; fileEncoding = 4; lastKnownFileType = sourcecode.c.h; path = ASICloudFilesContainer.h; sourceTree = "<group>"; };
		1F0C72061555335000AC46D9 /* ASICloudFilesContainer.m */ = {isa = PBXFileReference; fileEncoding = 4; lastKnownFileType = sourcecode.c.objc; path = ASICloudFilesContainer.m; sourceTree = "<group>"; };
		1F0C72071555335000AC46D9 /* ASICloudFilesContainerRequest.h */ = {isa = PBXFileReference; fileEncoding = 4; lastKnownFileType = sourcecode.c.h; path = ASICloudFilesContainerRequest.h; sourceTree = "<group>"; };
		1F0C72081555335000AC46D9 /* ASICloudFilesContainerRequest.m */ = {isa = PBXFileReference; fileEncoding = 4; lastKnownFileType = sourcecode.c.objc; path = ASICloudFilesContainerRequest.m; sourceTree = "<group>"; };
		1F0C72091555335000AC46D9 /* ASICloudFilesContainerXMLParserDelegate.h */ = {isa = PBXFileReference; fileEncoding = 4; lastKnownFileType = sourcecode.c.h; path = ASICloudFilesContainerXMLParserDelegate.h; sourceTree = "<group>"; };
		1F0C720A1555335000AC46D9 /* ASICloudFilesContainerXMLParserDelegate.m */ = {isa = PBXFileReference; fileEncoding = 4; lastKnownFileType = sourcecode.c.objc; path = ASICloudFilesContainerXMLParserDelegate.m; sourceTree = "<group>"; };
		1F0C720B1555335000AC46D9 /* ASICloudFilesObject.h */ = {isa = PBXFileReference; fileEncoding = 4; lastKnownFileType = sourcecode.c.h; path = ASICloudFilesObject.h; sourceTree = "<group>"; };
		1F0C720C1555335000AC46D9 /* ASICloudFilesObject.m */ = {isa = PBXFileReference; fileEncoding = 4; lastKnownFileType = sourcecode.c.objc; path = ASICloudFilesObject.m; sourceTree = "<group>"; };
		1F0C720D1555335000AC46D9 /* ASICloudFilesObjectRequest.h */ = {isa = PBXFileReference; fileEncoding = 4; lastKnownFileType = sourcecode.c.h; path = ASICloudFilesObjectRequest.h; sourceTree = "<group>"; };
		1F0C720E1555335000AC46D9 /* ASICloudFilesObjectRequest.m */ = {isa = PBXFileReference; fileEncoding = 4; lastKnownFileType = sourcecode.c.objc; path = ASICloudFilesObjectRequest.m; sourceTree = "<group>"; };
		1F0C720F1555335000AC46D9 /* ASICloudFilesRequest.h */ = {isa = PBXFileReference; fileEncoding = 4; lastKnownFileType = sourcecode.c.h; path = ASICloudFilesRequest.h; sourceTree = "<group>"; };
		1F0C72101555335000AC46D9 /* ASICloudFilesRequest.m */ = {isa = PBXFileReference; fileEncoding = 4; lastKnownFileType = sourcecode.c.objc; path = ASICloudFilesRequest.m; sourceTree = "<group>"; };
		1F0C72121555335000AC46D9 /* ASINSXMLParserCompat.h */ = {isa = PBXFileReference; fileEncoding = 4; lastKnownFileType = sourcecode.c.h; path = ASINSXMLParserCompat.h; sourceTree = "<group>"; };
		1F0C72131555335000AC46D9 /* ASIS3Bucket.h */ = {isa = PBXFileReference; fileEncoding = 4; lastKnownFileType = sourcecode.c.h; path = ASIS3Bucket.h; sourceTree = "<group>"; };
		1F0C72141555335000AC46D9 /* ASIS3Bucket.m */ = {isa = PBXFileReference; fileEncoding = 4; lastKnownFileType = sourcecode.c.objc; path = ASIS3Bucket.m; sourceTree = "<group>"; };
		1F0C72151555335000AC46D9 /* ASIS3BucketObject.h */ = {isa = PBXFileReference; fileEncoding = 4; lastKnownFileType = sourcecode.c.h; path = ASIS3BucketObject.h; sourceTree = "<group>"; };
		1F0C72161555335000AC46D9 /* ASIS3BucketObject.m */ = {isa = PBXFileReference; fileEncoding = 4; lastKnownFileType = sourcecode.c.objc; path = ASIS3BucketObject.m; sourceTree = "<group>"; };
		1F0C72171555335000AC46D9 /* ASIS3BucketRequest.h */ = {isa = PBXFileReference; fileEncoding = 4; lastKnownFileType = sourcecode.c.h; path = ASIS3BucketRequest.h; sourceTree = "<group>"; };
		1F0C72181555335000AC46D9 /* ASIS3BucketRequest.m */ = {isa = PBXFileReference; fileEncoding = 4; lastKnownFileType = sourcecode.c.objc; path = ASIS3BucketRequest.m; sourceTree = "<group>"; };
		1F0C72191555335000AC46D9 /* ASIS3ObjectRequest.h */ = {isa = PBXFileReference; fileEncoding = 4; lastKnownFileType = sourcecode.c.h; path = ASIS3ObjectRequest.h; sourceTree = "<group>"; };
		1F0C721A1555335000AC46D9 /* ASIS3ObjectRequest.m */ = {isa = PBXFileReference; fileEncoding = 4; lastKnownFileType = sourcecode.c.objc; path = ASIS3ObjectRequest.m; sourceTree = "<group>"; };
		1F0C721B1555335000AC46D9 /* ASIS3Request.h */ = {isa = PBXFileReference; fileEncoding = 4; lastKnownFileType = sourcecode.c.h; path = ASIS3Request.h; sourceTree = "<group>"; };
		1F0C721C1555335000AC46D9 /* ASIS3Request.m */ = {isa = PBXFileReference; fileEncoding = 4; lastKnownFileType = sourcecode.c.objc; path = ASIS3Request.m; sourceTree = "<group>"; };
		1F0C721D1555335000AC46D9 /* ASIS3ServiceRequest.h */ = {isa = PBXFileReference; fileEncoding = 4; lastKnownFileType = sourcecode.c.h; path = ASIS3ServiceRequest.h; sourceTree = "<group>"; };
		1F0C721E1555335000AC46D9 /* ASIS3ServiceRequest.m */ = {isa = PBXFileReference; fileEncoding = 4; lastKnownFileType = sourcecode.c.objc; path = ASIS3ServiceRequest.m; sourceTree = "<group>"; };
		1F0C72A115553AB300AC46D9 /* README.md */ = {isa = PBXFileReference; fileEncoding = 4; lastKnownFileType = text; path = README.md; sourceTree = "<group>"; };
		1F3C294413D825D80060F5F6 /* libBZWebServices.a */ = {isa = PBXFileReference; explicitFileType = archive.ar; includeInIndex = 0; path = libBZWebServices.a; sourceTree = BUILT_PRODUCTS_DIR; };
		1F3C294713D825D80060F5F6 /* Foundation.framework */ = {isa = PBXFileReference; lastKnownFileType = wrapper.framework; name = Foundation.framework; path = System/Library/Frameworks/Foundation.framework; sourceTree = SDKROOT; };
		1F3C294B13D825D80060F5F6 /* BZWebServices-Prefix.pch */ = {isa = PBXFileReference; lastKnownFileType = sourcecode.c.h; path = "BZWebServices-Prefix.pch"; sourceTree = "<group>"; };
		1F3C29D113D949CD0060F5F6 /* CFNetwork.framework */ = {isa = PBXFileReference; lastKnownFileType = wrapper.framework; name = CFNetwork.framework; path = System/Library/Frameworks/CFNetwork.framework; sourceTree = SDKROOT; };
		1F3C29D213D949CD0060F5F6 /* CoreGraphics.framework */ = {isa = PBXFileReference; lastKnownFileType = wrapper.framework; name = CoreGraphics.framework; path = System/Library/Frameworks/CoreGraphics.framework; sourceTree = SDKROOT; };
		1F3C29D313D949CD0060F5F6 /* MobileCoreServices.framework */ = {isa = PBXFileReference; lastKnownFileType = wrapper.framework; name = MobileCoreServices.framework; path = System/Library/Frameworks/MobileCoreServices.framework; sourceTree = SDKROOT; };
		1F3C29D413D949CD0060F5F6 /* SystemConfiguration.framework */ = {isa = PBXFileReference; lastKnownFileType = wrapper.framework; name = SystemConfiguration.framework; path = System/Library/Frameworks/SystemConfiguration.framework; sourceTree = SDKROOT; };
		1F3C29D913D949E00060F5F6 /* libxml2.dylib */ = {isa = PBXFileReference; lastKnownFileType = "compiled.mach-o.dylib"; name = libxml2.dylib; path = usr/lib/libxml2.dylib; sourceTree = SDKROOT; };
		1FA5947B13D953B400B05217 /* BZWebServices.h */ = {isa = PBXFileReference; fileEncoding = 4; lastKnownFileType = sourcecode.c.h; name = BZWebServices.h; path = BZWebServices/BZWebServices.h; sourceTree = SOURCE_ROOT; };
		1FA5947C13D953B400B05217 /* BZWebServices.m */ = {isa = PBXFileReference; fileEncoding = 4; lastKnownFileType = sourcecode.c.objc; name = BZWebServices.m; path = BZWebServices/BZWebServices.m; sourceTree = SOURCE_ROOT; };
		1FAEBF1013E6E33000D3CE77 /* libz.dylib */ = {isa = PBXFileReference; lastKnownFileType = "compiled.mach-o.dylib"; name = libz.dylib; path = usr/lib/libz.dylib; sourceTree = SDKROOT; };
		A8AD86FC1447412B00AAA00B /* Reachability.h */ = {isa = PBXFileReference; fileEncoding = 4; lastKnownFileType = sourcecode.c.h; path = Reachability.h; sourceTree = "<group>"; };
		A8AD86FD1447412B00AAA00B /* Reachability.m */ = {isa = PBXFileReference; fileEncoding = 4; lastKnownFileType = sourcecode.c.objc; path = Reachability.m; sourceTree = "<group>"; };
/* End PBXFileReference section */

/* Begin PBXFrameworksBuildPhase section */
		1F3C294113D825D80060F5F6 /* Frameworks */ = {
			isa = PBXFrameworksBuildPhase;
			buildActionMask = 2147483647;
			files = (
				1F0C71D71555330B00AC46D9 /* libMBProgressHUD.a in Frameworks */,
				1FAEBF1113E6E33000D3CE77 /* libz.dylib in Frameworks */,
				1F3C29DB13D949E00060F5F6 /* libxml2.dylib in Frameworks */,
				1F3C29D513D949CD0060F5F6 /* CFNetwork.framework in Frameworks */,
				1F3C29D613D949CD0060F5F6 /* CoreGraphics.framework in Frameworks */,
				1F3C29D713D949CD0060F5F6 /* MobileCoreServices.framework in Frameworks */,
				1F3C29D813D949CD0060F5F6 /* SystemConfiguration.framework in Frameworks */,
				1F3C294813D825D80060F5F6 /* Foundation.framework in Frameworks */,
			);
			runOnlyForDeploymentPostprocessing = 0;
		};
/* End PBXFrameworksBuildPhase section */

/* Begin PBXGroup section */
		1F0C71CD155532E100AC46D9 /* Products */ = {
			isa = PBXGroup;
			children = (
				1F0C71D4155532E100AC46D9 /* libMBProgressHUD.a */,
			);
			name = Products;
			sourceTree = "<group>";
		};
		1F0C71EA1555335000AC46D9 /* ASIHttpRequest */ = {
			isa = PBXGroup;
			children = (
				1F0C71EB1555335000AC46D9 /* ASIAuthenticationDialog.h */,
				1F0C71EC1555335000AC46D9 /* ASIAuthenticationDialog.m */,
				1F0C71ED1555335000AC46D9 /* ASICacheDelegate.h */,
				1F0C71EE1555335000AC46D9 /* ASIDataCompressor.h */,
				1F0C71EF1555335000AC46D9 /* ASIDataCompressor.m */,
				1F0C71F01555335000AC46D9 /* ASIDataDecompressor.h */,
				1F0C71F11555335000AC46D9 /* ASIDataDecompressor.m */,
				1F0C71F21555335000AC46D9 /* ASIDownloadCache.h */,
				1F0C71F31555335000AC46D9 /* ASIDownloadCache.m */,
				1F0C71F41555335000AC46D9 /* ASIFormDataRequest.h */,
				1F0C71F51555335000AC46D9 /* ASIFormDataRequest.m */,
				1F0C71F61555335000AC46D9 /* ASIHTTPRequest.h */,
				1F0C71F71555335000AC46D9 /* ASIHTTPRequest.m */,
				1F0C71F81555335000AC46D9 /* ASIHTTPRequestConfig.h */,
				1F0C71F91555335000AC46D9 /* ASIHTTPRequestDelegate.h */,
				1F0C71FA1555335000AC46D9 /* ASIInputStream.h */,
				1F0C71FB1555335000AC46D9 /* ASIInputStream.m */,
				1F0C71FC1555335000AC46D9 /* ASINetworkQueue.h */,
				1F0C71FD1555335000AC46D9 /* ASINetworkQueue.m */,
				1F0C71FE1555335000AC46D9 /* ASIProgressDelegate.h */,
				1F0C71FF1555335000AC46D9 /* ASIWebPageRequest */,
				1F0C72021555335000AC46D9 /* CloudFiles */,
				1F0C72111555335000AC46D9 /* S3 */,
			);
			name = ASIHttpRequest;
			path = ASIHttpRequest/Classes;
			sourceTree = "<group>";
		};
		1F0C71FF1555335000AC46D9 /* ASIWebPageRequest */ = {
			isa = PBXGroup;
			children = (
				1F0C72001555335000AC46D9 /* ASIWebPageRequest.h */,
				1F0C72011555335000AC46D9 /* ASIWebPageRequest.m */,
			);
			path = ASIWebPageRequest;
			sourceTree = "<group>";
		};
		1F0C72021555335000AC46D9 /* CloudFiles */ = {
			isa = PBXGroup;
			children = (
				1F0C72031555335000AC46D9 /* ASICloudFilesCDNRequest.h */,
				1F0C72041555335000AC46D9 /* ASICloudFilesCDNRequest.m */,
				1F0C72051555335000AC46D9 /* ASICloudFilesContainer.h */,
				1F0C72061555335000AC46D9 /* ASICloudFilesContainer.m */,
				1F0C72071555335000AC46D9 /* ASICloudFilesContainerRequest.h */,
				1F0C72081555335000AC46D9 /* ASICloudFilesContainerRequest.m */,
				1F0C72091555335000AC46D9 /* ASICloudFilesContainerXMLParserDelegate.h */,
				1F0C720A1555335000AC46D9 /* ASICloudFilesContainerXMLParserDelegate.m */,
				1F0C720B1555335000AC46D9 /* ASICloudFilesObject.h */,
				1F0C720C1555335000AC46D9 /* ASICloudFilesObject.m */,
				1F0C720D1555335000AC46D9 /* ASICloudFilesObjectRequest.h */,
				1F0C720E1555335000AC46D9 /* ASICloudFilesObjectRequest.m */,
				1F0C720F1555335000AC46D9 /* ASICloudFilesRequest.h */,
				1F0C72101555335000AC46D9 /* ASICloudFilesRequest.m */,
			);
			path = CloudFiles;
			sourceTree = "<group>";
		};
		1F0C72111555335000AC46D9 /* S3 */ = {
			isa = PBXGroup;
			children = (
				1F0C72121555335000AC46D9 /* ASINSXMLParserCompat.h */,
				1F0C72131555335000AC46D9 /* ASIS3Bucket.h */,
				1F0C72141555335000AC46D9 /* ASIS3Bucket.m */,
				1F0C72151555335000AC46D9 /* ASIS3BucketObject.h */,
				1F0C72161555335000AC46D9 /* ASIS3BucketObject.m */,
				1F0C72171555335000AC46D9 /* ASIS3BucketRequest.h */,
				1F0C72181555335000AC46D9 /* ASIS3BucketRequest.m */,
				1F0C72191555335000AC46D9 /* ASIS3ObjectRequest.h */,
				1F0C721A1555335000AC46D9 /* ASIS3ObjectRequest.m */,
				1F0C721B1555335000AC46D9 /* ASIS3Request.h */,
				1F0C721C1555335000AC46D9 /* ASIS3Request.m */,
				1F0C721D1555335000AC46D9 /* ASIS3ServiceRequest.h */,
				1F0C721E1555335000AC46D9 /* ASIS3ServiceRequest.m */,
			);
			path = S3;
			sourceTree = "<group>";
		};
		1F36072113F034EF00DE98E5 /* Libs & Helpers */ = {
			isa = PBXGroup;
			children = (
				A8AD86FC1447412B00AAA00B /* Reachability.h */,
				A8AD86FD1447412B00AAA00B /* Reachability.m */,
			);
			name = "Libs & Helpers";
			sourceTree = "<group>";
		};
		1F3C293913D825D70060F5F6 = {
			isa = PBXGroup;
			children = (
				1F0C72A115553AB300AC46D9 /* README.md */,
				1F3C294913D825D80060F5F6 /* BZWebServices */,
				1F3C294613D825D80060F5F6 /* Frameworks */,
				1F3C294513D825D80060F5F6 /* Products */,
			);
			sourceTree = "<group>";
		};
		1F3C294513D825D80060F5F6 /* Products */ = {
			isa = PBXGroup;
			children = (
				1F3C294413D825D80060F5F6 /* libBZWebServices.a */,
			);
			name = Products;
			sourceTree = "<group>";
		};
		1F3C294613D825D80060F5F6 /* Frameworks */ = {
			isa = PBXGroup;
			children = (
				1F0C71EA1555335000AC46D9 /* ASIHttpRequest */,
				1F0C71CC155532E100AC46D9 /* MBProgressHUD.xcodeproj */,
				1FAEBF1013E6E33000D3CE77 /* libz.dylib */,
				1F3C29D913D949E00060F5F6 /* libxml2.dylib */,
				1F3C29D113D949CD0060F5F6 /* CFNetwork.framework */,
				1F3C29D213D949CD0060F5F6 /* CoreGraphics.framework */,
				1F3C29D313D949CD0060F5F6 /* MobileCoreServices.framework */,
				1F3C29D413D949CD0060F5F6 /* SystemConfiguration.framework */,
				1F3C294713D825D80060F5F6 /* Foundation.framework */,
			);
			name = Frameworks;
			sourceTree = "<group>";
		};
		1F3C294913D825D80060F5F6 /* BZWebServices */ = {
			isa = PBXGroup;
			children = (
				1F36072113F034EF00DE98E5 /* Libs & Helpers */,
				1F3C295E13D826970060F5F6 /* WebServices */,
				1F3C294A13D825D80060F5F6 /* Supporting Files */,
			);
			path = BZWebServices;
			sourceTree = "<group>";
		};
		1F3C294A13D825D80060F5F6 /* Supporting Files */ = {
			isa = PBXGroup;
			children = (
				1F3C294B13D825D80060F5F6 /* BZWebServices-Prefix.pch */,
			);
			name = "Supporting Files";
			sourceTree = "<group>";
		};
		1F3C295E13D826970060F5F6 /* WebServices */ = {
			isa = PBXGroup;
			children = (
				1FA5947B13D953B400B05217 /* BZWebServices.h */,
				1FA5947C13D953B400B05217 /* BZWebServices.m */,
			);
			name = WebServices;
			path = ../../../AxelPeople/AxelPeople;
			sourceTree = "<group>";
		};
/* End PBXGroup section */

/* Begin PBXHeadersBuildPhase section */
		1F3C294213D825D80060F5F6 /* Headers */ = {
			isa = PBXHeadersBuildPhase;
			buildActionMask = 2147483647;
			files = (
				1FA5947D13D953B400B05217 /* BZWebServices.h in Headers */,
				A8AD86FE1447412B00AAA00B /* Reachability.h in Headers */,
				1F0C723D1555335000AC46D9 /* ASIAuthenticationDialog.h in Headers */,
				1F0C723F1555335000AC46D9 /* ASICacheDelegate.h in Headers */,
				1F0C72401555335000AC46D9 /* ASIDataCompressor.h in Headers */,
				1F0C72421555335000AC46D9 /* ASIDataDecompressor.h in Headers */,
				1F0C72441555335000AC46D9 /* ASIDownloadCache.h in Headers */,
				1F0C72461555335000AC46D9 /* ASIFormDataRequest.h in Headers */,
				1F0C72481555335000AC46D9 /* ASIHTTPRequest.h in Headers */,
				1F0C724A1555335000AC46D9 /* ASIHTTPRequestConfig.h in Headers */,
				1F0C724B1555335000AC46D9 /* ASIHTTPRequestDelegate.h in Headers */,
				1F0C724C1555335000AC46D9 /* ASIInputStream.h in Headers */,
				1F0C724E1555335000AC46D9 /* ASINetworkQueue.h in Headers */,
				1F0C72501555335000AC46D9 /* ASIProgressDelegate.h in Headers */,
				1F0C72511555335000AC46D9 /* ASIWebPageRequest.h in Headers */,
				1F0C72531555335000AC46D9 /* ASICloudFilesCDNRequest.h in Headers */,
				1F0C72551555335000AC46D9 /* ASICloudFilesContainer.h in Headers */,
				1F0C72571555335000AC46D9 /* ASICloudFilesContainerRequest.h in Headers */,
				1F0C72591555335000AC46D9 /* ASICloudFilesContainerXMLParserDelegate.h in Headers */,
				1F0C725B1555335000AC46D9 /* ASICloudFilesObject.h in Headers */,
				1F0C725D1555335000AC46D9 /* ASICloudFilesObjectRequest.h in Headers */,
				1F0C725F1555335000AC46D9 /* ASICloudFilesRequest.h in Headers */,
				1F0C72611555335000AC46D9 /* ASINSXMLParserCompat.h in Headers */,
				1F0C72621555335000AC46D9 /* ASIS3Bucket.h in Headers */,
				1F0C72641555335000AC46D9 /* ASIS3BucketObject.h in Headers */,
				1F0C72661555335000AC46D9 /* ASIS3BucketRequest.h in Headers */,
				1F0C72681555335000AC46D9 /* ASIS3ObjectRequest.h in Headers */,
				1F0C726A1555335000AC46D9 /* ASIS3Request.h in Headers */,
				1F0C726C1555335000AC46D9 /* ASIS3ServiceRequest.h in Headers */,
			);
			runOnlyForDeploymentPostprocessing = 0;
		};
/* End PBXHeadersBuildPhase section */

/* Begin PBXNativeTarget section */
		1F3C294313D825D80060F5F6 /* BZWebServices */ = {
			isa = PBXNativeTarget;
			buildConfigurationList = 1F3C294E13D825D80060F5F6 /* Build configuration list for PBXNativeTarget "BZWebServices" */;
			buildPhases = (
				1F3C294013D825D80060F5F6 /* Sources */,
				1F3C294113D825D80060F5F6 /* Frameworks */,
				1F3C294213D825D80060F5F6 /* Headers */,
				99F3788E142C9A14002D5574 /* ShellScript */,
			);
			buildRules = (
			);
			dependencies = (
				1F0C71D6155532E800AC46D9 /* PBXTargetDependency */,
			);
			name = BZWebServices;
			productName = BZWebServices;
			productReference = 1F3C294413D825D80060F5F6 /* libBZWebServices.a */;
			productType = "com.apple.product-type.library.static";
		};
/* End PBXNativeTarget section */

/* Begin PBXProject section */
		1F3C293B13D825D70060F5F6 /* Project object */ = {
			isa = PBXProject;
			attributes = {
				LastUpgradeCheck = 0430;
				ORGANIZATIONNAME = "Bazinga Systems";
			};
			buildConfigurationList = 1F3C293E13D825D70060F5F6 /* Build configuration list for PBXProject "BZWebServices" */;
			compatibilityVersion = "Xcode 3.2";
			developmentRegion = English;
			hasScannedForEncodings = 0;
			knownRegions = (
				en,
			);
			mainGroup = 1F3C293913D825D70060F5F6;
			productRefGroup = 1F3C294513D825D80060F5F6 /* Products */;
			projectDirPath = "";
			projectReferences = (
				{
					ProductGroup = 1F0C71CD155532E100AC46D9 /* Products */;
					ProjectRef = 1F0C71CC155532E100AC46D9 /* MBProgressHUD.xcodeproj */;
				},
			);
			projectRoot = "";
			targets = (
				1F3C294313D825D80060F5F6 /* BZWebServices */,
			);
		};
/* End PBXProject section */

/* Begin PBXReferenceProxy section */
		1F0C71D4155532E100AC46D9 /* libMBProgressHUD.a */ = {
			isa = PBXReferenceProxy;
			fileType = archive.ar;
			path = libMBProgressHUD.a;
			remoteRef = 1F0C71D3155532E100AC46D9 /* PBXContainerItemProxy */;
			sourceTree = BUILT_PRODUCTS_DIR;
		};
/* End PBXReferenceProxy section */

/* Begin PBXShellScriptBuildPhase section */
		99F3788E142C9A14002D5574 /* ShellScript */ = {
			isa = PBXShellScriptBuildPhase;
			buildActionMask = 2147483647;
			files = (
			);
			inputPaths = (
			);
			outputPaths = (
			);
			runOnlyForDeploymentPostprocessing = 0;
			shellPath = /bin/sh;
			shellScript = "# Version 2.0 (updated for Xcode 4, with some fixes)\n# Changes:\n#    - Works with xcode 4, even when running xcode 3 projects (Workarounds for apple bugs)\n#    - Faster / better: only runs lipo once, instead of once per recursion\n#    - Added some debugging statemetns that can be switched on/off by changing the DEBUG_THIS_SCRIPT variable to \"true\"\n#    - Fixed some typos\n# \n# Purpose:\n#   Create a static library for iPhone from within XCode\n#   Because Apple staff DELIBERATELY broke Xcode to make this impossible from the GUI (Xcode 3.2.3 specifically states this in the Release notes!)\n#   ...no, I don't understand why they did this!\n#\n# Author: Adam Martin - http://twitter.com/redglassesapps\n# Based on: original script from Eonil (main changes: Eonil's script WILL NOT WORK in Xcode GUI - it WILL CRASH YOUR COMPUTER)\n#\n# More info: see this Stack Overflow question: http://stackoverflow.com/questions/3520977/build-fat-static-library-device-simulator-using-xcode-and-sdk-4\n\n#################[ Tests: helps workaround any future bugs in Xcode ]########\n#\nDEBUG_THIS_SCRIPT=\"false\"\n\nif [ $DEBUG_THIS_SCRIPT = \"true\" ]\nthen\necho \"########### TESTS #############\"\necho \"Use the following variables when debugging this script; note that they may change on recursions\"\necho \"BUILD_DIR = $BUILD_DIR\"\necho \"BUILD_ROOT = $BUILD_ROOT\"\necho \"CONFIGURATION_BUILD_DIR = $CONFIGURATION_BUILD_DIR\"\necho \"BUILT_PRODUCTS_DIR = $BUILT_PRODUCTS_DIR\"\necho \"CONFIGURATION_TEMP_DIR = $CONFIGURATION_TEMP_DIR\"\necho \"TARGET_BUILD_DIR = $TARGET_BUILD_DIR\"\nfi\n\n#####################[ part 1 ]##################\n# First, work out the BASESDK version number (NB: Apple ought to report this, but they hide it)\n#    (incidental: searching for substrings in sh is a nightmare! Sob)\n\nSDK_VERSION=$(echo ${SDK_NAME} | grep -o '.\\{3\\}$')\n\n# Next, work out if we're in SIM or DEVICE\n\nif [ ${PLATFORM_NAME} = \"iphonesimulator\" ]\nthen\nOTHER_SDK_TO_BUILD=iphoneos${SDK_VERSION}\nelse\nOTHER_SDK_TO_BUILD=iphonesimulator${SDK_VERSION}\nfi\n\necho \"XCode has selected SDK: ${PLATFORM_NAME} with version: ${SDK_VERSION} (although back-targetting: ${IPHONEOS_DEPLOYMENT_TARGET})\"\necho \"...therefore, OTHER_SDK_TO_BUILD = ${OTHER_SDK_TO_BUILD}\"\n#\n#####################[ end of part 1 ]##################\n\n#####################[ part 2 ]##################\n#\n# IF this is the original invocation, invoke WHATEVER other builds are required\n#\n# Xcode is already building ONE target...\n#\n# ...but this is a LIBRARY, so Apple is wrong to set it to build just one.\n# ...we need to build ALL targets\n# ...we MUST NOT re-build the target that is ALREADY being built: Xcode WILL CRASH YOUR COMPUTER if you try this (infinite recursion!)\n#\n#\n# So: build ONLY the missing platforms/configurations.\n\nif [ \"true\" == ${ALREADYINVOKED:-false} ]\nthen\necho \"RECURSION: I am NOT the root invocation, so I'm NOT going to recurse\"\nelse\n# CRITICAL:\n# Prevent infinite recursion (Xcode sucks)\nexport ALREADYINVOKED=\"true\"\n\necho \"RECURSION: I am the root ... recursing all missing build targets NOW...\"\necho \"RECURSION: ...about to invoke: xcodebuild -configuration \\\"${CONFIGURATION}\\\" -target \\\"${TARGET_NAME}\\\" -sdk \\\"${OTHER_SDK_TO_BUILD}\\\" ${ACTION} RUN_CLANG_STATIC_ANALYZER=NO\"\nxcodebuild -configuration \"${CONFIGURATION}\" -target \"${TARGET_NAME}\" -sdk \"${OTHER_SDK_TO_BUILD}\" ${ACTION} RUN_CLANG_STATIC_ANALYZER=NO BUILD_DIR=\"${BUILD_DIR}\" BUILD_ROOT=\"${BUILD_ROOT}\"\n\nACTION=\"build\"\n\n#Merge all platform binaries as a fat binary for each configurations.\n\n# Calculate where the (multiple) built files are coming from:\nCURRENTCONFIG_DEVICE_DIR=${SYMROOT}/${CONFIGURATION}-iphoneos\nCURRENTCONFIG_SIMULATOR_DIR=${SYMROOT}/${CONFIGURATION}-iphonesimulator\n\necho \"Taking device build from: ${CURRENTCONFIG_DEVICE_DIR}\"\necho \"Taking simulator build from: ${CURRENTCONFIG_SIMULATOR_DIR}\"\n\nCREATING_UNIVERSAL_DIR=${SYMROOT}/${CONFIGURATION}-universal\necho \"...I will output a universal build to: ${CREATING_UNIVERSAL_DIR}\"\n\n# ... remove the products of previous runs of this script\n#      NB: this directory is ONLY created by this script - it should be safe to delete!\n\nrm -rf \"${CREATING_UNIVERSAL_DIR}\"\nmkdir \"${CREATING_UNIVERSAL_DIR}\"\n\n#\necho \"lipo: for current configuration (${CONFIGURATION}) creating output file: ${CREATING_UNIVERSAL_DIR}/${EXECUTABLE_NAME}\"\nlipo -create -output \"${CREATING_UNIVERSAL_DIR}/${EXECUTABLE_NAME}\" \"${CURRENTCONFIG_DEVICE_DIR}/${EXECUTABLE_NAME}\" \"${CURRENTCONFIG_SIMULATOR_DIR}/${EXECUTABLE_NAME}\"\n\n#########\n#\n# Added: StackOverflow suggestion to also copy \"include\" files\n#    (untested, but should work OK)\n#\nif [ -d \"${CURRENTCONFIG_DEVICE_DIR}/usr/local/include\" ]\nthen\nmkdir -p \"${CREATING_UNIVERSAL_DIR}/usr/local/include\"\n# * needs to be outside the double quotes?\ncp \"${CURRENTCONFIG_DEVICE_DIR}/usr/local/include/\"* \"${CREATING_UNIVERSAL_DIR}/usr/local/include\"\nfi\nfi\n";
		};
/* End PBXShellScriptBuildPhase section */

/* Begin PBXSourcesBuildPhase section */
		1F3C294013D825D80060F5F6 /* Sources */ = {
			isa = PBXSourcesBuildPhase;
			buildActionMask = 2147483647;
			files = (
				1FA5947E13D953B400B05217 /* BZWebServices.m in Sources */,
				A8AD86FF1447412B00AAA00B /* Reachability.m in Sources */,
				1F0C723E1555335000AC46D9 /* ASIAuthenticationDialog.m in Sources */,
				1F0C72411555335000AC46D9 /* ASIDataCompressor.m in Sources */,
				1F0C72431555335000AC46D9 /* ASIDataDecompressor.m in Sources */,
				1F0C72451555335000AC46D9 /* ASIDownloadCache.m in Sources */,
				1F0C72471555335000AC46D9 /* ASIFormDataRequest.m in Sources */,
				1F0C72491555335000AC46D9 /* ASIHTTPRequest.m in Sources */,
				1F0C724D1555335000AC46D9 /* ASIInputStream.m in Sources */,
				1F0C724F1555335000AC46D9 /* ASINetworkQueue.m in Sources */,
				1F0C72521555335000AC46D9 /* ASIWebPageRequest.m in Sources */,
				1F0C72541555335000AC46D9 /* ASICloudFilesCDNRequest.m in Sources */,
				1F0C72561555335000AC46D9 /* ASICloudFilesContainer.m in Sources */,
				1F0C72581555335000AC46D9 /* ASICloudFilesContainerRequest.m in Sources */,
				1F0C725A1555335000AC46D9 /* ASICloudFilesContainerXMLParserDelegate.m in Sources */,
				1F0C725C1555335000AC46D9 /* ASICloudFilesObject.m in Sources */,
				1F0C725E1555335000AC46D9 /* ASICloudFilesObjectRequest.m in Sources */,
				1F0C72601555335000AC46D9 /* ASICloudFilesRequest.m in Sources */,
				1F0C72631555335000AC46D9 /* ASIS3Bucket.m in Sources */,
				1F0C72651555335000AC46D9 /* ASIS3BucketObject.m in Sources */,
				1F0C72671555335000AC46D9 /* ASIS3BucketRequest.m in Sources */,
				1F0C72691555335000AC46D9 /* ASIS3ObjectRequest.m in Sources */,
				1F0C726B1555335000AC46D9 /* ASIS3Request.m in Sources */,
				1F0C726D1555335000AC46D9 /* ASIS3ServiceRequest.m in Sources */,
			);
			runOnlyForDeploymentPostprocessing = 0;
		};
/* End PBXSourcesBuildPhase section */

/* Begin PBXTargetDependency section */
		1F0C71D6155532E800AC46D9 /* PBXTargetDependency */ = {
			isa = PBXTargetDependency;
			name = MBProgressHUD;
			targetProxy = 1F0C71D5155532E800AC46D9 /* PBXContainerItemProxy */;
		};
/* End PBXTargetDependency section */

/* Begin XCBuildConfiguration section */
		1F3C294C13D825D80060F5F6 /* Debug */ = {
			isa = XCBuildConfiguration;
			buildSettings = {
				ALWAYS_SEARCH_USER_PATHS = NO;
				ARCHS = (
					armv7,
					armv6,
				);
				CLANG_ENABLE_OBJC_ARC = YES;
				COPY_PHASE_STRIP = NO;
				GCC_C_LANGUAGE_STANDARD = gnu99;
				GCC_DYNAMIC_NO_PIC = NO;
				GCC_OPTIMIZATION_LEVEL = 0;
				GCC_PREPROCESSOR_DEFINITIONS = (
					"DEBUG=1",
					"$(inherited)",
				);
				GCC_SYMBOLS_PRIVATE_EXTERN = NO;
				GCC_THUMB_SUPPORT = NO;
				GCC_VERSION = com.apple.compilers.llvm.clang.1_0;
				GCC_WARN_ABOUT_MISSING_PROTOTYPES = YES;
				GCC_WARN_ABOUT_RETURN_TYPE = YES;
				GCC_WARN_UNUSED_VARIABLE = YES;
				HEADER_SEARCH_PATHS = (
					"ASIHttpRequest/**",
					"MBProgressHUD/**",
				);
				IPHONEOS_DEPLOYMENT_TARGET = 4.3;
				SDKROOT = iphoneos;
			};
			name = Debug;
		};
		1F3C294D13D825D80060F5F6 /* Release */ = {
			isa = XCBuildConfiguration;
			buildSettings = {
				ALWAYS_SEARCH_USER_PATHS = NO;
				ARCHS = (
					armv7,
					armv6,
				);
				CLANG_ENABLE_OBJC_ARC = YES;
				COPY_PHASE_STRIP = YES;
				GCC_C_LANGUAGE_STANDARD = gnu99;
				GCC_THUMB_SUPPORT = NO;
				GCC_VERSION = com.apple.compilers.llvm.clang.1_0;
				GCC_WARN_ABOUT_MISSING_PROTOTYPES = YES;
				GCC_WARN_ABOUT_RETURN_TYPE = YES;
				GCC_WARN_UNUSED_VARIABLE = YES;
				HEADER_SEARCH_PATHS = (
					"ASIHttpRequest/**",
					"MBProgressHUD/**",
				);
				IPHONEOS_DEPLOYMENT_TARGET = 4.3;
				SDKROOT = iphoneos;
				VALIDATE_PRODUCT = YES;
			};
			name = Release;
		};
		1F3C294F13D825D80060F5F6 /* Debug */ = {
			isa = XCBuildConfiguration;
			buildSettings = {
				ALWAYS_SEARCH_USER_PATHS = YES;
				CLANG_ARC_MIGRATION = donothing;
				CLANG_ENABLE_OBJC_ARC = NO;
				DSTROOT = /tmp/BZWebServices.dst;
				GCC_PRECOMPILE_PREFIX_HEADER = YES;
				GCC_PREFIX_HEADER = "BZWebServices/BZWebServices-Prefix.pch";
				GCC_THUMB_SUPPORT = NO;
				OTHER_LDFLAGS = "-ObjC";
				PRODUCT_NAME = "$(TARGET_NAME)";
				SKIP_INSTALL = YES;
				USER_HEADER_SEARCH_PATHS = "${SDK_DIR}/usr/include/libxml2/**";
			};
			name = Debug;
		};
		1F3C295013D825D80060F5F6 /* Release */ = {
			isa = XCBuildConfiguration;
			buildSettings = {
				ALWAYS_SEARCH_USER_PATHS = YES;
				CLANG_ARC_MIGRATION = donothing;
				CLANG_ENABLE_OBJC_ARC = NO;
				DSTROOT = /tmp/BZWebServices.dst;
				GCC_PRECOMPILE_PREFIX_HEADER = YES;
				GCC_PREFIX_HEADER = "BZWebServices/BZWebServices-Prefix.pch";
				GCC_THUMB_SUPPORT = NO;
				OTHER_LDFLAGS = "-ObjC";
				PRODUCT_NAME = "$(TARGET_NAME)";
				SKIP_INSTALL = YES;
				USER_HEADER_SEARCH_PATHS = "${SDK_DIR}/usr/include/libxml2/**";
			};
			name = Release;
		};
/* End XCBuildConfiguration section */

/* Begin XCConfigurationList section */
		1F3C293E13D825D70060F5F6 /* Build configuration list for PBXProject "BZWebServices" */ = {
			isa = XCConfigurationList;
			buildConfigurations = (
				1F3C294C13D825D80060F5F6 /* Debug */,
				1F3C294D13D825D80060F5F6 /* Release */,
			);
			defaultConfigurationIsVisible = 0;
			defaultConfigurationName = Release;
		};
		1F3C294E13D825D80060F5F6 /* Build configuration list for PBXNativeTarget "BZWebServices" */ = {
			isa = XCConfigurationList;
			buildConfigurations = (
				1F3C294F13D825D80060F5F6 /* Debug */,
				1F3C295013D825D80060F5F6 /* Release */,
			);
			defaultConfigurationIsVisible = 0;
			defaultConfigurationName = Release;
		};
/* End XCConfigurationList section */
	};
	rootObject = 1F3C293B13D825D70060F5F6 /* Project object */;
}
